
Microsoft Visual Studio Solution File, Format Version 12.00
# Visual Studio Version 17
VisualStudioVersion = 17.5.33318.248
MinimumVisualStudioVersion = 10.0.40219.1
Project("{FAE04EC0-301F-11D3-BF4B-00C04F79EFBC}") = "ChatGpt_Integration", "ChatGpt_Integration\ChatGpt_Integration.csproj", "{80579822-362E-4633-A5B7-9155B529FAFB}"
EndProject
Project("{FAE04EC0-301F-11D3-BF4B-00C04F79EFBC}") = "Console)Chatgpt", "Console)Chatgpt\Console)Chatgpt.csproj", "{25714CA3-8084-4123-B627-4A5E630E986E}"
EndProject
Global
	GlobalSection(SolutionConfigurationPlatforms) = preSolution
		Debug|Any CPU = Debug|Any CPU
		Release|Any CPU = Release|Any CPU
	EndGlobalSection
	GlobalSection(ProjectConfigurationPlatforms) = postSolution
		{80579822-362E-4633-A5B7-9155B529FAFB}.Debug|Any CPU.ActiveCfg = Debug|Any CPU
		{80579822-362E-4633-A5B7-9155B529FAFB}.Debug|Any CPU.Build.0 = Debug|Any CPU
		{80579822-362E-4633-A5B7-9155B529FAFB}.Release|Any CPU.ActiveCfg = Release|Any CPU
		{80579822-362E-4633-A5B7-9155B529FAFB}.Release|Any CPU.Build.0 = Release|Any CPU
		{25714CA3-8084-4123-B627-4A5E630E986E}.Debug|Any CPU.ActiveCfg = Debug|Any CPU
		{25714CA3-8084-4123-B627-4A5E630E986E}.Debug|Any CPU.Build.0 = Debug|Any CPU
		{25714CA3-8084-4123-B627-4A5E630E986E}.Release|Any CPU.ActiveCfg = Release|Any CPU
		{25714CA3-8084-4123-B627-4A5E630E986E}.Release|Any CPU.Build.0 = Release|Any CPU
	EndGlobalSection
	GlobalSection(SolutionProperties) = preSolution
		HideSolutionNode = FALSE
	EndGlobalSection
	GlobalSection(ExtensibilityGlobals) = postSolution
		SolutionGuid = {8E72AFF4-EFA6-4795-9624-B56CF9C64C1B}
	EndGlobalSection
EndGlobal
